// !$*UTF8*$!
{
	archiveVersion = 1;
	classes = {
	};
	objectVersion = 56;
	objects = {

/* Begin PBXBuildFile section */
		D00E61362B6908CE004B51B0 /* SwiftUIPraxApp.swift in Sources */ = {isa = PBXBuildFile; fileRef = D00E61352B6908CE004B51B0 /* SwiftUIPraxApp.swift */; };
		D00E61382B6908CE004B51B0 /* ContentView.swift in Sources */ = {isa = PBXBuildFile; fileRef = D00E61372B6908CE004B51B0 /* ContentView.swift */; };
		D00E613A2B6908D0004B51B0 /* Assets.xcassets in Resources */ = {isa = PBXBuildFile; fileRef = D00E61392B6908D0004B51B0 /* Assets.xcassets */; };
		D00E613D2B6908D0004B51B0 /* Preview Assets.xcassets in Resources */ = {isa = PBXBuildFile; fileRef = D00E613C2B6908D0004B51B0 /* Preview Assets.xcassets */; };
		D00E61442B6936F4004B51B0 /* ColorCircle.swift in Sources */ = {isa = PBXBuildFile; fileRef = D00E61432B6936F4004B51B0 /* ColorCircle.swift */; };
		D00E61462B693D8C004B51B0 /* SwiftImage.swift in Sources */ = {isa = PBXBuildFile; fileRef = D00E61452B693D8C004B51B0 /* SwiftImage.swift */; };
		D00E61482B693EB2004B51B0 /* SwiftLogo.swift in Sources */ = {isa = PBXBuildFile; fileRef = D00E61472B693EB2004B51B0 /* SwiftLogo.swift */; };
		D086E8FC2B6962EC000CF25D /* Lesson1_HW.swift in Sources */ = {isa = PBXBuildFile; fileRef = D086E8FB2B6962EC000CF25D /* Lesson1_HW.swift */; };
		D086E9002B698642000CF25D /* TrafficLightCircles.swift in Sources */ = {isa = PBXBuildFile; fileRef = D086E8FF2B698642000CF25D /* TrafficLightCircles.swift */; };
		D086E9022B69878B000CF25D /* StartButton.swift in Sources */ = {isa = PBXBuildFile; fileRef = D086E9012B69878B000CF25D /* StartButton.swift */; };
		D0BDE1BE2B792DFE00DD9448 /* ContentViewHW_1.swift in Sources */ = {isa = PBXBuildFile; fileRef = D0BDE1BD2B792DFE00DD9448 /* ContentViewHW_1.swift */; };
		D0BDE1C02B792E1800DD9448 /* ColorLight.swift in Sources */ = {isa = PBXBuildFile; fileRef = D0BDE1BF2B792E1800DD9448 /* ColorLight.swift */; };
		D0BDE1C22B792E3D00DD9448 /* ChangeColorButton.swift in Sources */ = {isa = PBXBuildFile; fileRef = D0BDE1C12B792E3D00DD9448 /* ChangeColorButton.swift */; };
/* End PBXBuildFile section */

/* Begin PBXFileReference section */
		D00E61322B6908CE004B51B0 /* SwiftUIPrax.app */ = {isa = PBXFileReference; explicitFileType = wrapper.application; includeInIndex = 0; path = SwiftUIPrax.app; sourceTree = BUILT_PRODUCTS_DIR; };
		D00E61352B6908CE004B51B0 /* SwiftUIPraxApp.swift */ = {isa = PBXFileReference; lastKnownFileType = sourcecode.swift; path = SwiftUIPraxApp.swift; sourceTree = "<group>"; };
		D00E61372B6908CE004B51B0 /* ContentView.swift */ = {isa = PBXFileReference; lastKnownFileType = sourcecode.swift; path = ContentView.swift; sourceTree = "<group>"; };
		D00E61392B6908D0004B51B0 /* Assets.xcassets */ = {isa = PBXFileReference; lastKnownFileType = folder.assetcatalog; path = Assets.xcassets; sourceTree = "<group>"; };
		D00E613C2B6908D0004B51B0 /* Preview Assets.xcassets */ = {isa = PBXFileReference; lastKnownFileType = folder.assetcatalog; path = "Preview Assets.xcassets"; sourceTree = "<group>"; };
		D00E61432B6936F4004B51B0 /* ColorCircle.swift */ = {isa = PBXFileReference; lastKnownFileType = sourcecode.swift; path = ColorCircle.swift; sourceTree = "<group>"; };
		D00E61452B693D8C004B51B0 /* SwiftImage.swift */ = {isa = PBXFileReference; lastKnownFileType = sourcecode.swift; path = SwiftImage.swift; sourceTree = "<group>"; };
		D00E61472B693EB2004B51B0 /* SwiftLogo.swift */ = {isa = PBXFileReference; lastKnownFileType = sourcecode.swift; path = SwiftLogo.swift; sourceTree = "<group>"; };
		D086E8FB2B6962EC000CF25D /* Lesson1_HW.swift */ = {isa = PBXFileReference; lastKnownFileType = sourcecode.swift; path = Lesson1_HW.swift; sourceTree = "<group>"; };
		D086E8FF2B698642000CF25D /* TrafficLightCircles.swift */ = {isa = PBXFileReference; lastKnownFileType = sourcecode.swift; path = TrafficLightCircles.swift; sourceTree = "<group>"; };
		D086E9012B69878B000CF25D /* StartButton.swift */ = {isa = PBXFileReference; lastKnownFileType = sourcecode.swift; path = StartButton.swift; sourceTree = "<group>"; };
		D0BDE1BD2B792DFE00DD9448 /* ContentViewHW_1.swift */ = {isa = PBXFileReference; lastKnownFileType = sourcecode.swift; path = ContentViewHW_1.swift; sourceTree = "<group>"; };
		D0BDE1BF2B792E1800DD9448 /* ColorLight.swift */ = {isa = PBXFileReference; lastKnownFileType = sourcecode.swift; path = ColorLight.swift; sourceTree = "<group>"; };
		D0BDE1C12B792E3D00DD9448 /* ChangeColorButton.swift */ = {isa = PBXFileReference; lastKnownFileType = sourcecode.swift; path = ChangeColorButton.swift; sourceTree = "<group>"; };
/* End PBXFileReference section */

/* Begin PBXFrameworksBuildPhase section */
		D00E612F2B6908CE004B51B0 /* Frameworks */ = {
			isa = PBXFrameworksBuildPhase;
			buildActionMask = 2147483647;
			files = (
			);
			runOnlyForDeploymentPostprocessing = 0;
		};
/* End PBXFrameworksBuildPhase section */

/* Begin PBXGroup section */
		D00E61292B6908CE004B51B0 = {
			isa = PBXGroup;
			children = (
				D00E61342B6908CE004B51B0 /* SwiftUIPrax */,
				D00E61332B6908CE004B51B0 /* Products */,
			);
			sourceTree = "<group>";
		};
		D00E61332B6908CE004B51B0 /* Products */ = {
			isa = PBXGroup;
			children = (
				D00E61322B6908CE004B51B0 /* SwiftUIPrax.app */,
			);
			name = Products;
			sourceTree = "<group>";
		};
		D00E61342B6908CE004B51B0 /* SwiftUIPrax */ = {
			isa = PBXGroup;
			children = (
				D00E61352B6908CE004B51B0 /* SwiftUIPraxApp.swift */,
				D00E61372B6908CE004B51B0 /* ContentView.swift */,
				D00E61432B6936F4004B51B0 /* ColorCircle.swift */,
				D00E61472B693EB2004B51B0 /* SwiftLogo.swift */,
				D00E61452B693D8C004B51B0 /* SwiftImage.swift */,
				D086E9032B698AEB000CF25D /* HomeWork_1 */,
				D0BDE1BB2B7921D100DD9448 /* Lesson_2 */,
				D00E61392B6908D0004B51B0 /* Assets.xcassets */,
				D00E613B2B6908D0004B51B0 /* Preview Content */,
			);
			path = SwiftUIPrax;
			sourceTree = "<group>";
		};
		D00E613B2B6908D0004B51B0 /* Preview Content */ = {
			isa = PBXGroup;
			children = (
				D00E613C2B6908D0004B51B0 /* Preview Assets.xcassets */,
			);
			path = "Preview Content";
			sourceTree = "<group>";
		};
		D086E9032B698AEB000CF25D /* HomeWork_1 */ = {
			isa = PBXGroup;
			children = (
				D0BDE1BC2B792D9700DD9448 /* HW_1 */,
				D086E8FB2B6962EC000CF25D /* Lesson1_HW.swift */,
				D086E8FF2B698642000CF25D /* TrafficLightCircles.swift */,
				D086E9012B69878B000CF25D /* StartButton.swift */,
			);
			path = HomeWork_1;
			sourceTree = "<group>";
		};
		D0BDE1BB2B7921D100DD9448 /* Lesson_2 */ = {
			isa = PBXGroup;
			children = (
			);
			path = Lesson_2;
			sourceTree = "<group>";
		};
		D0BDE1BC2B792D9700DD9448 /* HW_1 */ = {
			isa = PBXGroup;
			children = (
				D0BDE1BD2B792DFE00DD9448 /* ContentViewHW_1.swift */,
				D0BDE1BF2B792E1800DD9448 /* ColorLight.swift */,
				D0BDE1C12B792E3D00DD9448 /* ChangeColorButton.swift */,
			);
			path = HW_1;
			sourceTree = "<group>";
		};
/* End PBXGroup section */

/* Begin PBXNativeTarget section */
		D00E61312B6908CE004B51B0 /* SwiftUIPrax */ = {
			isa = PBXNativeTarget;
			buildConfigurationList = D00E61402B6908D0004B51B0 /* Build configuration list for PBXNativeTarget "SwiftUIPrax" */;
			buildPhases = (
				D00E612E2B6908CE004B51B0 /* Sources */,
				D00E612F2B6908CE004B51B0 /* Frameworks */,
				D00E61302B6908CE004B51B0 /* Resources */,
			);
			buildRules = (
			);
			dependencies = (
			);
			name = SwiftUIPrax;
			productName = SwiftUIPrax;
			productReference = D00E61322B6908CE004B51B0 /* SwiftUIPrax.app */;
			productType = "com.apple.product-type.application";
		};
/* End PBXNativeTarget section */

/* Begin PBXProject section */
		D00E612A2B6908CE004B51B0 /* Project object */ = {
			isa = PBXProject;
			attributes = {
				BuildIndependentTargetsInParallel = 1;
				LastSwiftUpdateCheck = 1520;
				LastUpgradeCheck = 1520;
				TargetAttributes = {
					D00E61312B6908CE004B51B0 = {
						CreatedOnToolsVersion = 15.2;
					};
				};
			};
			buildConfigurationList = D00E612D2B6908CE004B51B0 /* Build configuration list for PBXProject "SwiftUIPrax" */;
			compatibilityVersion = "Xcode 14.0";
			developmentRegion = en;
			hasScannedForEncodings = 0;
			knownRegions = (
				en,
				Base,
			);
			mainGroup = D00E61292B6908CE004B51B0;
			productRefGroup = D00E61332B6908CE004B51B0 /* Products */;
			projectDirPath = "";
			projectRoot = "";
			targets = (
				D00E61312B6908CE004B51B0 /* SwiftUIPrax */,
			);
		};
/* End PBXProject section */

/* Begin PBXResourcesBuildPhase section */
		D00E61302B6908CE004B51B0 /* Resources */ = {
			isa = PBXResourcesBuildPhase;
			buildActionMask = 2147483647;
			files = (
				D00E613D2B6908D0004B51B0 /* Preview Assets.xcassets in Resources */,
				D00E613A2B6908D0004B51B0 /* Assets.xcassets in Resources */,
			);
			runOnlyForDeploymentPostprocessing = 0;
		};
/* End PBXResourcesBuildPhase section */

/* Begin PBXSourcesBuildPhase section */
		D00E612E2B6908CE004B51B0 /* Sources */ = {
			isa = PBXSourcesBuildPhase;
			buildActionMask = 2147483647;
			files = (
				D00E61382B6908CE004B51B0 /* ContentView.swift in Sources */,
				D00E61362B6908CE004B51B0 /* SwiftUIPraxApp.swift in Sources */,
				D086E8FC2B6962EC000CF25D /* Lesson1_HW.swift in Sources */,
				D0BDE1BE2B792DFE00DD9448 /* ContentViewHW_1.swift in Sources */,
				D0BDE1C02B792E1800DD9448 /* ColorLight.swift in Sources */,
				D00E61442B6936F4004B51B0 /* ColorCircle.swift in Sources */,
				D0BDE1C22B792E3D00DD9448 /* ChangeColorButton.swift in Sources */,
				D086E9002B698642000CF25D /* TrafficLightCircles.swift in Sources */,
				D00E61482B693EB2004B51B0 /* SwiftLogo.swift in Sources */,
				D086E9022B69878B000CF25D /* StartButton.swift in Sources */,
				D00E61462B693D8C004B51B0 /* SwiftImage.swift in Sources */,
			);
			runOnlyForDeploymentPostprocessing = 0;
		};
/* End PBXSourcesBuildPhase section */

/* Begin XCBuildConfiguration section */
		D00E613E2B6908D0004B51B0 /* Debug */ = {
			isa = XCBuildConfiguration;
			buildSettings = {
				ALWAYS_SEARCH_USER_PATHS = NO;
				ASSETCATALOG_COMPILER_GENERATE_SWIFT_ASSET_SYMBOL_EXTENSIONS = YES;
				CLANG_ANALYZER_NONNULL = YES;
				CLANG_ANALYZER_NUMBER_OBJECT_CONVERSION = YES_AGGRESSIVE;
				CLANG_CXX_LANGUAGE_STANDARD = "gnu++20";
				CLANG_ENABLE_MODULES = YES;
				CLANG_ENABLE_OBJC_ARC = YES;
				CLANG_ENABLE_OBJC_WEAK = YES;
				CLANG_WARN_BLOCK_CAPTURE_AUTORELEASING = YES;
				CLANG_WARN_BOOL_CONVERSION = YES;
				CLANG_WARN_COMMA = YES;
				CLANG_WARN_CONSTANT_CONVERSION = YES;
				CLANG_WARN_DEPRECATED_OBJC_IMPLEMENTATIONS = YES;
				CLANG_WARN_DIRECT_OBJC_ISA_USAGE = YES_ERROR;
				CLANG_WARN_DOCUMENTATION_COMMENTS = YES;
				CLANG_WARN_EMPTY_BODY = YES;
				CLANG_WARN_ENUM_CONVERSION = YES;
				CLANG_WARN_INFINITE_RECURSION = YES;
				CLANG_WARN_INT_CONVERSION = YES;
				CLANG_WARN_NON_LITERAL_NULL_CONVERSION = YES;
				CLANG_WARN_OBJC_IMPLICIT_RETAIN_SELF = YES;
				CLANG_WARN_OBJC_LITERAL_CONVERSION = YES;
				CLANG_WARN_OBJC_ROOT_CLASS = YES_ERROR;
				CLANG_WARN_QUOTED_INCLUDE_IN_FRAMEWORK_HEADER = YES;
				CLANG_WARN_RANGE_LOOP_ANALYSIS = YES;
				CLANG_WARN_STRICT_PROTOTYPES = YES;
				CLANG_WARN_SUSPICIOUS_MOVE = YES;
				CLANG_WARN_UNGUARDED_AVAILABILITY = YES_AGGRESSIVE;
				CLANG_WARN_UNREACHABLE_CODE = YES;
				CLANG_WARN__DUPLICATE_METHOD_MATCH = YES;
				COPY_PHASE_STRIP = NO;
				DEBUG_INFORMATION_FORMAT = dwarf;
				ENABLE_STRICT_OBJC_MSGSEND = YES;
				ENABLE_TESTABILITY = YES;
				ENABLE_USER_SCRIPT_SANDBOXING = YES;
				GCC_C_LANGUAGE_STANDARD = gnu17;
				GCC_DYNAMIC_NO_PIC = NO;
				GCC_NO_COMMON_BLOCKS = YES;
				GCC_OPTIMIZATION_LEVEL = 0;
				GCC_PREPROCESSOR_DEFINITIONS = (
					"DEBUG=1",
					"$(inherited)",
				);
				GCC_WARN_64_TO_32_BIT_CONVERSION = YES;
				GCC_WARN_ABOUT_RETURN_TYPE = YES_ERROR;
				GCC_WARN_UNDECLARED_SELECTOR = YES;
				GCC_WARN_UNINITIALIZED_AUTOS = YES_AGGRESSIVE;
				GCC_WARN_UNUSED_FUNCTION = YES;
				GCC_WARN_UNUSED_VARIABLE = YES;
				IPHONEOS_DEPLOYMENT_TARGET = 17.2;
				LOCALIZATION_PREFERS_STRING_CATALOGS = YES;
				MTL_ENABLE_DEBUG_INFO = INCLUDE_SOURCE;
				MTL_FAST_MATH = YES;
				ONLY_ACTIVE_ARCH = YES;
				SDKROOT = iphoneos;
				SWIFT_ACTIVE_COMPILATION_CONDITIONS = "DEBUG $(inherited)";
				SWIFT_OPTIMIZATION_LEVEL = "-Onone";
			};
			name = Debug;
		};
		D00E613F2B6908D0004B51B0 /* Release */ = {
			isa = XCBuildConfiguration;
			buildSettings = {
				ALWAYS_SEARCH_USER_PATHS = NO;
				ASSETCATALOG_COMPILER_GENERATE_SWIFT_ASSET_SYMBOL_EXTENSIONS = YES;
				CLANG_ANALYZER_NONNULL = YES;
				CLANG_ANALYZER_NUMBER_OBJECT_CONVERSION = YES_AGGRESSIVE;
				CLANG_CXX_LANGUAGE_STANDARD = "gnu++20";
				CLANG_ENABLE_MODULES = YES;
				CLANG_ENABLE_OBJC_ARC = YES;
				CLANG_ENABLE_OBJC_WEAK = YES;
				CLANG_WARN_BLOCK_CAPTURE_AUTORELEASING = YES;
				CLANG_WARN_BOOL_CONVERSION = YES;
				CLANG_WARN_COMMA = YES;
				CLANG_WARN_CONSTANT_CONVERSION = YES;
				CLANG_WARN_DEPRECATED_OBJC_IMPLEMENTATIONS = YES;
				CLANG_WARN_DIRECT_OBJC_ISA_USAGE = YES_ERROR;
				CLANG_WARN_DOCUMENTATION_COMMENTS = YES;
				CLANG_WARN_EMPTY_BODY = YES;
				CLANG_WARN_ENUM_CONVERSION = YES;
				CLANG_WARN_INFINITE_RECURSION = YES;
				CLANG_WARN_INT_CONVERSION = YES;
				CLANG_WARN_NON_LITERAL_NULL_CONVERSION = YES;
				CLANG_WARN_OBJC_IMPLICIT_RETAIN_SELF = YES;
				CLANG_WARN_OBJC_LITERAL_CONVERSION = YES;
				CLANG_WARN_OBJC_ROOT_CLASS = YES_ERROR;
				CLANG_WARN_QUOTED_INCLUDE_IN_FRAMEWORK_HEADER = YES;
				CLANG_WARN_RANGE_LOOP_ANALYSIS = YES;
				CLANG_WARN_STRICT_PROTOTYPES = YES;
				CLANG_WARN_SUSPICIOUS_MOVE = YES;
				CLANG_WARN_UNGUARDED_AVAILABILITY = YES_AGGRESSIVE;
				CLANG_WARN_UNREACHABLE_CODE = YES;
				CLANG_WARN__DUPLICATE_METHOD_MATCH = YES;
				COPY_PHASE_STRIP = NO;
				DEBUG_INFORMATION_FORMAT = "dwarf-with-dsym";
				ENABLE_NS_ASSERTIONS = NO;
				ENABLE_STRICT_OBJC_MSGSEND = YES;
				ENABLE_USER_SCRIPT_SANDBOXING = YES;
				GCC_C_LANGUAGE_STANDARD = gnu17;
				GCC_NO_COMMON_BLOCKS = YES;
				GCC_WARN_64_TO_32_BIT_CONVERSION = YES;
				GCC_WARN_ABOUT_RETURN_TYPE = YES_ERROR;
				GCC_WARN_UNDECLARED_SELECTOR = YES;
				GCC_WARN_UNINITIALIZED_AUTOS = YES_AGGRESSIVE;
				GCC_WARN_UNUSED_FUNCTION = YES;
				GCC_WARN_UNUSED_VARIABLE = YES;
				IPHONEOS_DEPLOYMENT_TARGET = 17.2;
				LOCALIZATION_PREFERS_STRING_CATALOGS = YES;
				MTL_ENABLE_DEBUG_INFO = NO;
				MTL_FAST_MATH = YES;
				SDKROOT = iphoneos;
				SWIFT_COMPILATION_MODE = wholemodule;
				VALIDATE_PRODUCT = YES;
			};
			name = Release;
		};
		D00E61412B6908D0004B51B0 /* Debug */ = {
			isa = XCBuildConfiguration;
			buildSettings = {
				ASSETCATALOG_COMPILER_APPICON_NAME = AppIcon;
				ASSETCATALOG_COMPILER_GLOBAL_ACCENT_COLOR_NAME = AccentColor;
				CODE_SIGN_STYLE = Automatic;
				CURRENT_PROJECT_VERSION = 1;
				DEVELOPMENT_ASSET_PATHS = "\"SwiftUIPrax/Preview Content\"";
				DEVELOPMENT_TEAM = A426P5VA2L;
				ENABLE_PREVIEWS = YES;
				GENERATE_INFOPLIST_FILE = YES;
				INFOPLIST_KEY_UIApplicationSceneManifest_Generation = YES;
				INFOPLIST_KEY_UIApplicationSupportsIndirectInputEvents = YES;
				INFOPLIST_KEY_UILaunchScreen_Generation = YES;
				INFOPLIST_KEY_UISupportedInterfaceOrientations_iPad = "UIInterfaceOrientationPortrait UIInterfaceOrientationPortraitUpsideDown UIInterfaceOrientationLandscapeLeft UIInterfaceOrientationLandscapeRight";
				INFOPLIST_KEY_UISupportedInterfaceOrientations_iPhone = "UIInterfaceOrientationPortrait UIInterfaceOrientationLandscapeLeft UIInterfaceOrientationLandscapeRight";
				LD_RUNPATH_SEARCH_PATHS = (
					"$(inherited)",
					"@executable_path/Frameworks",
				);
				MARKETING_VERSION = 1.0;
				PRODUCT_BUNDLE_IDENTIFIER = MaximKucherov.SwiftUIPrax;
				PRODUCT_NAME = "$(TARGET_NAME)";
				SWIFT_EMIT_LOC_STRINGS = YES;
				SWIFT_VERSION = 5.0;
				TARGETED_DEVICE_FAMILY = "1,2";
			};
			name = Debug;
		};
		D00E61422B6908D0004B51B0 /* Release */ = {
			isa = XCBuildConfiguration;
			buildSettings = {
				ASSETCATALOG_COMPILER_APPICON_NAME = AppIcon;
				ASSETCATALOG_COMPILER_GLOBAL_ACCENT_COLOR_NAME = AccentColor;
				CODE_SIGN_STYLE = Automatic;
				CURRENT_PROJECT_VERSION = 1;
				DEVELOPMENT_ASSET_PATHS = "\"SwiftUIPrax/Preview Content\"";
				DEVELOPMENT_TEAM = A426P5VA2L;
				ENABLE_PREVIEWS = YES;
				GENERATE_INFOPLIST_FILE = YES;
				INFOPLIST_KEY_UIApplicationSceneManifest_Generation = YES;
				INFOPLIST_KEY_UIApplicationSupportsIndirectInputEvents = YES;
				INFOPLIST_KEY_UILaunchScreen_Generation = YES;
				INFOPLIST_KEY_UISupportedInterfaceOrientations_iPad = "UIInterfaceOrientationPortrait UIInterfaceOrientationPortraitUpsideDown UIInterfaceOrientationLandscapeLeft UIInterfaceOrientationLandscapeRight";
				INFOPLIST_KEY_UISupportedInterfaceOrientations_iPhone = "UIInterfaceOrientationPortrait UIInterfaceOrientationLandscapeLeft UIInterfaceOrientationLandscapeRight";
				LD_RUNPATH_SEARCH_PATHS = (
					"$(inherited)",
					"@executable_path/Frameworks",
				);
				MARKETING_VERSION = 1.0;
				PRODUCT_BUNDLE_IDENTIFIER = MaximKucherov.SwiftUIPrax;
				PRODUCT_NAME = "$(TARGET_NAME)";
				SWIFT_EMIT_LOC_STRINGS = YES;
				SWIFT_VERSION = 5.0;
				TARGETED_DEVICE_FAMILY = "1,2";
			};
			name = Release;
		};
/* End XCBuildConfiguration section */

/* Begin XCConfigurationList section */
		D00E612D2B6908CE004B51B0 /* Build configuration list for PBXProject "SwiftUIPrax" */ = {
			isa = XCConfigurationList;
			buildConfigurations = (
				D00E613E2B6908D0004B51B0 /* Debug */,
				D00E613F2B6908D0004B51B0 /* Release */,
			);
			defaultConfigurationIsVisible = 0;
			defaultConfigurationName = Release;
		};
		D00E61402B6908D0004B51B0 /* Build configuration list for PBXNativeTarget "SwiftUIPrax" */ = {
			isa = XCConfigurationList;
			buildConfigurations = (
				D00E61412B6908D0004B51B0 /* Debug */,
				D00E61422B6908D0004B51B0 /* Release */,
			);
			defaultConfigurationIsVisible = 0;
			defaultConfigurationName = Release;
		};
/* End XCConfigurationList section */
	};
	rootObject = D00E612A2B6908CE004B51B0 /* Project object */;
}
